// !$*UTF8*$!
{
	archiveVersion = 1;
	classes = {
	};
	objectVersion = 48;
	objects = {

/* Begin PBXBuildFile section */
		661365DC2079DFDE007A5D3B /* tokeiyou.jpeg in Resources */ = {isa = PBXBuildFile; fileRef = 661365DB2079DFDE007A5D3B /* tokeiyou.jpeg */; };
		661365E02079E5CF007A5D3B /* icon.png in Resources */ = {isa = PBXBuildFile; fileRef = 661365DF2079E5CF007A5D3B /* icon.png */; };
		66D16807204A355E000BF1A9 /* AppDelegate.swift in Sources */ = {isa = PBXBuildFile; fileRef = 66D16806204A355E000BF1A9 /* AppDelegate.swift */; };
		66D16809204A355E000BF1A9 /* ViewController.swift in Sources */ = {isa = PBXBuildFile; fileRef = 66D16808204A355E000BF1A9 /* ViewController.swift */; };
		66D1680C204A355E000BF1A9 /* Main.storyboard in Resources */ = {isa = PBXBuildFile; fileRef = 66D1680A204A355E000BF1A9 /* Main.storyboard */; };
		66D1680E204A355E000BF1A9 /* Assets.xcassets in Resources */ = {isa = PBXBuildFile; fileRef = 66D1680D204A355E000BF1A9 /* Assets.xcassets */; };
		66D16811204A355E000BF1A9 /* LaunchScreen.storyboard in Resources */ = {isa = PBXBuildFile; fileRef = 66D1680F204A355E000BF1A9 /* LaunchScreen.storyboard */; };
		66D1681C204A355E000BF1A9 /* CountTests.swift in Sources */ = {isa = PBXBuildFile; fileRef = 66D1681B204A355E000BF1A9 /* CountTests.swift */; };
		66D16827204A355E000BF1A9 /* CountUITests.swift in Sources */ = {isa = PBXBuildFile; fileRef = 66D16826204A355E000BF1A9 /* CountUITests.swift */; };
/* End PBXBuildFile section */

/* Begin PBXContainerItemProxy section */
		66D16818204A355E000BF1A9 /* PBXContainerItemProxy */ = {
			isa = PBXContainerItemProxy;
			containerPortal = 66D167FB204A355E000BF1A9 /* Project object */;
			proxyType = 1;
			remoteGlobalIDString = 66D16802204A355E000BF1A9;
			remoteInfo = Count;
		};
		66D16823204A355E000BF1A9 /* PBXContainerItemProxy */ = {
			isa = PBXContainerItemProxy;
			containerPortal = 66D167FB204A355E000BF1A9 /* Project object */;
			proxyType = 1;
			remoteGlobalIDString = 66D16802204A355E000BF1A9;
			remoteInfo = Count;
		};
/* End PBXContainerItemProxy section */

/* Begin PBXFileReference section */
		661365DB2079DFDE007A5D3B /* tokeiyou.jpeg */ = {isa = PBXFileReference; lastKnownFileType = image.jpeg; name = tokeiyou.jpeg; path = ../../tokeiyou.jpeg; sourceTree = "<group>"; };
		661365DF2079E5CF007A5D3B /* icon.png */ = {isa = PBXFileReference; lastKnownFileType = image.png; path = icon.png; sourceTree = "<group>"; };
		66D16803204A355E000BF1A9 /* Count.app */ = {isa = PBXFileReference; explicitFileType = wrapper.application; includeInIndex = 0; path = Count.app; sourceTree = BUILT_PRODUCTS_DIR; };
		66D16806204A355E000BF1A9 /* AppDelegate.swift */ = {isa = PBXFileReference; lastKnownFileType = sourcecode.swift; path = AppDelegate.swift; sourceTree = "<group>"; };
		66D16808204A355E000BF1A9 /* ViewController.swift */ = {isa = PBXFileReference; lastKnownFileType = sourcecode.swift; path = ViewController.swift; sourceTree = "<group>"; };
		66D1680B204A355E000BF1A9 /* Base */ = {isa = PBXFileReference; lastKnownFileType = file.storyboard; name = Base; path = Base.lproj/Main.storyboard; sourceTree = "<group>"; };
		66D1680D204A355E000BF1A9 /* Assets.xcassets */ = {isa = PBXFileReference; lastKnownFileType = folder.assetcatalog; path = Assets.xcassets; sourceTree = "<group>"; };
		66D16810204A355E000BF1A9 /* Base */ = {isa = PBXFileReference; lastKnownFileType = file.storyboard; name = Base; path = Base.lproj/LaunchScreen.storyboard; sourceTree = "<group>"; };
		66D16812204A355E000BF1A9 /* Info.plist */ = {isa = PBXFileReference; lastKnownFileType = text.plist.xml; path = Info.plist; sourceTree = "<group>"; };
		66D16817204A355E000BF1A9 /* CountTests.xctest */ = {isa = PBXFileReference; explicitFileType = wrapper.cfbundle; includeInIndex = 0; path = CountTests.xctest; sourceTree = BUILT_PRODUCTS_DIR; };
		66D1681B204A355E000BF1A9 /* CountTests.swift */ = {isa = PBXFileReference; lastKnownFileType = sourcecode.swift; path = CountTests.swift; sourceTree = "<group>"; };
		66D1681D204A355E000BF1A9 /* Info.plist */ = {isa = PBXFileReference; lastKnownFileType = text.plist.xml; path = Info.plist; sourceTree = "<group>"; };
		66D16822204A355E000BF1A9 /* CountUITests.xctest */ = {isa = PBXFileReference; explicitFileType = wrapper.cfbundle; includeInIndex = 0; path = CountUITests.xctest; sourceTree = BUILT_PRODUCTS_DIR; };
		66D16826204A355E000BF1A9 /* CountUITests.swift */ = {isa = PBXFileReference; lastKnownFileType = sourcecode.swift; path = CountUITests.swift; sourceTree = "<group>"; };
		66D16828204A355E000BF1A9 /* Info.plist */ = {isa = PBXFileReference; lastKnownFileType = text.plist.xml; path = Info.plist; sourceTree = "<group>"; };
/* End PBXFileReference section */

/* Begin PBXFrameworksBuildPhase section */
		66D16800204A355E000BF1A9 /* Frameworks */ = {
			isa = PBXFrameworksBuildPhase;
			buildActionMask = 2147483647;
			files = (
			);
			runOnlyForDeploymentPostprocessing = 0;
		};
		66D16814204A355E000BF1A9 /* Frameworks */ = {
			isa = PBXFrameworksBuildPhase;
			buildActionMask = 2147483647;
			files = (
			);
			runOnlyForDeploymentPostprocessing = 0;
		};
		66D1681F204A355E000BF1A9 /* Frameworks */ = {
			isa = PBXFrameworksBuildPhase;
			buildActionMask = 2147483647;
			files = (
			);
			runOnlyForDeploymentPostprocessing = 0;
		};
/* End PBXFrameworksBuildPhase section */

/* Begin PBXGroup section */
		66D167FA204A355E000BF1A9 = {
			isa = PBXGroup;
			children = (
				66D16805204A355E000BF1A9 /* Count */,
				66D1681A204A355E000BF1A9 /* CountTests */,
				66D16825204A355E000BF1A9 /* CountUITests */,
				66D16804204A355E000BF1A9 /* Products */,
			);
			sourceTree = "<group>";
		};
		66D16804204A355E000BF1A9 /* Products */ = {
			isa = PBXGroup;
			children = (
				66D16803204A355E000BF1A9 /* Count.app */,
				66D16817204A355E000BF1A9 /* CountTests.xctest */,
				66D16822204A355E000BF1A9 /* CountUITests.xctest */,
			);
			name = Products;
			sourceTree = "<group>";
		};
		66D16805204A355E000BF1A9 /* Count */ = {
			isa = PBXGroup;
			children = (
				661365DF2079E5CF007A5D3B /* icon.png */,
				661365DB2079DFDE007A5D3B /* tokeiyou.jpeg */,
				66D16806204A355E000BF1A9 /* AppDelegate.swift */,
				66D16808204A355E000BF1A9 /* ViewController.swift */,
				66D1680A204A355E000BF1A9 /* Main.storyboard */,
				66D1680D204A355E000BF1A9 /* Assets.xcassets */,
				66D1680F204A355E000BF1A9 /* LaunchScreen.storyboard */,
				66D16812204A355E000BF1A9 /* Info.plist */,
			);
			path = Count;
			sourceTree = "<group>";
		};
		66D1681A204A355E000BF1A9 /* CountTests */ = {
			isa = PBXGroup;
			children = (
				66D1681B204A355E000BF1A9 /* CountTests.swift */,
				66D1681D204A355E000BF1A9 /* Info.plist */,
			);
			path = CountTests;
			sourceTree = "<group>";
		};
		66D16825204A355E000BF1A9 /* CountUITests */ = {
			isa = PBXGroup;
			children = (
				66D16826204A355E000BF1A9 /* CountUITests.swift */,
				66D16828204A355E000BF1A9 /* Info.plist */,
			);
			path = CountUITests;
			sourceTree = "<group>";
		};
/* End PBXGroup section */

/* Begin PBXNativeTarget section */
		66D16802204A355E000BF1A9 /* Count */ = {
			isa = PBXNativeTarget;
			buildConfigurationList = 66D1682B204A355E000BF1A9 /* Build configuration list for PBXNativeTarget "Count" */;
			buildPhases = (
				66D167FF204A355E000BF1A9 /* Sources */,
				66D16800204A355E000BF1A9 /* Frameworks */,
				66D16801204A355E000BF1A9 /* Resources */,
			);
			buildRules = (
			);
			dependencies = (
			);
			name = Count;
			productName = Count;
			productReference = 66D16803204A355E000BF1A9 /* Count.app */;
			productType = "com.apple.product-type.application";
		};
		66D16816204A355E000BF1A9 /* CountTests */ = {
			isa = PBXNativeTarget;
			buildConfigurationList = 66D1682E204A355E000BF1A9 /* Build configuration list for PBXNativeTarget "CountTests" */;
			buildPhases = (
				66D16813204A355E000BF1A9 /* Sources */,
				66D16814204A355E000BF1A9 /* Frameworks */,
				66D16815204A355E000BF1A9 /* Resources */,
			);
			buildRules = (
			);
			dependencies = (
				66D16819204A355E000BF1A9 /* PBXTargetDependency */,
			);
			name = CountTests;
			productName = CountTests;
			productReference = 66D16817204A355E000BF1A9 /* CountTests.xctest */;
			productType = "com.apple.product-type.bundle.unit-test";
		};
		66D16821204A355E000BF1A9 /* CountUITests */ = {
			isa = PBXNativeTarget;
			buildConfigurationList = 66D16831204A355E000BF1A9 /* Build configuration list for PBXNativeTarget "CountUITests" */;
			buildPhases = (
				66D1681E204A355E000BF1A9 /* Sources */,
				66D1681F204A355E000BF1A9 /* Frameworks */,
				66D16820204A355E000BF1A9 /* Resources */,
			);
			buildRules = (
			);
			dependencies = (
				66D16824204A355E000BF1A9 /* PBXTargetDependency */,
			);
			name = CountUITests;
			productName = CountUITests;
			productReference = 66D16822204A355E000BF1A9 /* CountUITests.xctest */;
			productType = "com.apple.product-type.bundle.ui-testing";
		};
/* End PBXNativeTarget section */

/* Begin PBXProject section */
		66D167FB204A355E000BF1A9 /* Project object */ = {
			isa = PBXProject;
			attributes = {
				LastSwiftUpdateCheck = 0920;
				LastUpgradeCheck = 0920;
				ORGANIZATIONNAME = "Life is tech";
				TargetAttributes = {
					66D16802204A355E000BF1A9 = {
						CreatedOnToolsVersion = 9.2;
						ProvisioningStyle = Automatic;
					};
					66D16816204A355E000BF1A9 = {
						CreatedOnToolsVersion = 9.2;
						ProvisioningStyle = Automatic;
						TestTargetID = 66D16802204A355E000BF1A9;
					};
					66D16821204A355E000BF1A9 = {
						CreatedOnToolsVersion = 9.2;
						ProvisioningStyle = Automatic;
						TestTargetID = 66D16802204A355E000BF1A9;
					};
				};
			};
			buildConfigurationList = 66D167FE204A355E000BF1A9 /* Build configuration list for PBXProject "Count" */;
			compatibilityVersion = "Xcode 8.0";
			developmentRegion = en;
			hasScannedForEncodings = 0;
			knownRegions = (
				en,
				Base,
			);
			mainGroup = 66D167FA204A355E000BF1A9;
			productRefGroup = 66D16804204A355E000BF1A9 /* Products */;
			projectDirPath = "";
			projectRoot = "";
			targets = (
				66D16802204A355E000BF1A9 /* Count */,
				66D16816204A355E000BF1A9 /* CountTests */,
				66D16821204A355E000BF1A9 /* CountUITests */,
			);
		};
/* End PBXProject section */

/* Begin PBXResourcesBuildPhase section */
		66D16801204A355E000BF1A9 /* Resources */ = {
			isa = PBXResourcesBuildPhase;
			buildActionMask = 2147483647;
			files = (
				66D16811204A355E000BF1A9 /* LaunchScreen.storyboard in Resources */,
				661365E02079E5CF007A5D3B /* icon.png in Resources */,
				66D1680E204A355E000BF1A9 /* Assets.xcassets in Resources */,
				661365DC2079DFDE007A5D3B /* tokeiyou.jpeg in Resources */,
				66D1680C204A355E000BF1A9 /* Main.storyboard in Resources */,
			);
			runOnlyForDeploymentPostprocessing = 0;
		};
		66D16815204A355E000BF1A9 /* Resources */ = {
			isa = PBXResourcesBuildPhase;
			buildActionMask = 2147483647;
			files = (
			);
			runOnlyForDeploymentPostprocessing = 0;
		};
		66D16820204A355E000BF1A9 /* Resources */ = {
			isa = PBXResourcesBuildPhase;
			buildActionMask = 2147483647;
			files = (
			);
			runOnlyForDeploymentPostprocessing = 0;
		};
/* End PBXResourcesBuildPhase section */

/* Begin PBXSourcesBuildPhase section */
		66D167FF204A355E000BF1A9 /* Sources */ = {
			isa = PBXSourcesBuildPhase;
			buildActionMask = 2147483647;
			files = (
				66D16809204A355E000BF1A9 /* ViewController.swift in Sources */,
				66D16807204A355E000BF1A9 /* AppDelegate.swift in Sources */,
			);
			runOnlyForDeploymentPostprocessing = 0;
		};
		66D16813204A355E000BF1A9 /* Sources */ = {
			isa = PBXSourcesBuildPhase;
			buildActionMask = 2147483647;
			files = (
				66D1681C204A355E000BF1A9 /* CountTests.swift in Sources */,
			);
			runOnlyForDeploymentPostprocessing = 0;
		};
		66D1681E204A355E000BF1A9 /* Sources */ = {
			isa = PBXSourcesBuildPhase;
			buildActionMask = 2147483647;
			files = (
				66D16827204A355E000BF1A9 /* CountUITests.swift in Sources */,
			);
			runOnlyForDeploymentPostprocessing = 0;
		};
/* End PBXSourcesBuildPhase section */

/* Begin PBXTargetDependency section */
		66D16819204A355E000BF1A9 /* PBXTargetDependency */ = {
			isa = PBXTargetDependency;
			target = 66D16802204A355E000BF1A9 /* Count */;
			targetProxy = 66D16818204A355E000BF1A9 /* PBXContainerItemProxy */;
		};
		66D16824204A355E000BF1A9 /* PBXTargetDependency */ = {
			isa = PBXTargetDependency;
			target = 66D16802204A355E000BF1A9 /* Count */;
			targetProxy = 66D16823204A355E000BF1A9 /* PBXContainerItemProxy */;
		};
/* End PBXTargetDependency section */

/* Begin PBXVariantGroup section */
		66D1680A204A355E000BF1A9 /* Main.storyboard */ = {
			isa = PBXVariantGroup;
			children = (
				66D1680B204A355E000BF1A9 /* Base */,
			);
			name = Main.storyboard;
			sourceTree = "<group>";
		};
		66D1680F204A355E000BF1A9 /* LaunchScreen.storyboard */ = {
			isa = PBXVariantGroup;
			children = (
				66D16810204A355E000BF1A9 /* Base */,
			);
			name = LaunchScreen.storyboard;
			sourceTree = "<group>";
		};
/* End PBXVariantGroup section */

/* Begin XCBuildConfiguration section */
		66D16829204A355E000BF1A9 /* Debug */ = {
			isa = XCBuildConfiguration;
			buildSettings = {
				ALWAYS_SEARCH_USER_PATHS = NO;
				CLANG_ANALYZER_NONNULL = YES;
				CLANG_ANALYZER_NUMBER_OBJECT_CONVERSION = YES_AGGRESSIVE;
				CLANG_CXX_LANGUAGE_STANDARD = "gnu++14";
				CLANG_CXX_LIBRARY = "libc++";
				CLANG_ENABLE_MODULES = YES;
				CLANG_ENABLE_OBJC_ARC = YES;
				CLANG_WARN_BLOCK_CAPTURE_AUTORELEASING = YES;
				CLANG_WARN_BOOL_CONVERSION = YES;
				CLANG_WARN_COMMA = YES;
				CLANG_WARN_CONSTANT_CONVERSION = YES;
				CLANG_WARN_DIRECT_OBJC_ISA_USAGE = YES_ERROR;
				CLANG_WARN_DOCUMENTATION_COMMENTS = YES;
				CLANG_WARN_EMPTY_BODY = YES;
				CLANG_WARN_ENUM_CONVERSION = YES;
				CLANG_WARN_INFINITE_RECURSION = YES;
				CLANG_WARN_INT_CONVERSION = YES;
				CLANG_WARN_NON_LITERAL_NULL_CONVERSION = YES;
				CLANG_WARN_OBJC_LITERAL_CONVERSION = YES;
				CLANG_WARN_OBJC_ROOT_CLASS = YES_ERROR;
				CLANG_WARN_RANGE_LOOP_ANALYSIS = YES;
				CLANG_WARN_STRICT_PROTOTYPES = YES;
				CLANG_WARN_SUSPICIOUS_MOVE = YES;
				CLANG_WARN_UNGUARDED_AVAILABILITY = YES_AGGRESSIVE;
				CLANG_WARN_UNREACHABLE_CODE = YES;
				CLANG_WARN__DUPLICATE_METHOD_MATCH = YES;
				CODE_SIGN_IDENTITY = "iPhone Developer";
				COPY_PHASE_STRIP = NO;
				DEBUG_INFORMATION_FORMAT = dwarf;
				ENABLE_STRICT_OBJC_MSGSEND = YES;
				ENABLE_TESTABILITY = YES;
				GCC_C_LANGUAGE_STANDARD = gnu11;
				GCC_DYNAMIC_NO_PIC = NO;
				GCC_NO_COMMON_BLOCKS = YES;
				GCC_OPTIMIZATION_LEVEL = 0;
				GCC_PREPROCESSOR_DEFINITIONS = (
					"DEBUG=1",
					"$(inherited)",
				);
				GCC_WARN_64_TO_32_BIT_CONVERSION = YES;
				GCC_WARN_ABOUT_RETURN_TYPE = YES_ERROR;
				GCC_WARN_UNDECLARED_SELECTOR = YES;
				GCC_WARN_UNINITIALIZED_AUTOS = YES_AGGRESSIVE;
				GCC_WARN_UNUSED_FUNCTION = YES;
				GCC_WARN_UNUSED_VARIABLE = YES;
				IPHONEOS_DEPLOYMENT_TARGET = 11.2;
				MTL_ENABLE_DEBUG_INFO = YES;
				ONLY_ACTIVE_ARCH = YES;
				SDKROOT = iphoneos;
				SWIFT_ACTIVE_COMPILATION_CONDITIONS = DEBUG;
				SWIFT_OPTIMIZATION_LEVEL = "-Onone";
			};
			name = Debug;
		};
		66D1682A204A355E000BF1A9 /* Release */ = {
			isa = XCBuildConfiguration;
			buildSettings = {
				ALWAYS_SEARCH_USER_PATHS = NO;
				CLANG_ANALYZER_NONNULL = YES;
				CLANG_ANALYZER_NUMBER_OBJECT_CONVERSION = YES_AGGRESSIVE;
				CLANG_CXX_LANGUAGE_STANDARD = "gnu++14";
				CLANG_CXX_LIBRARY = "libc++";
				CLANG_ENABLE_MODULES = YES;
				CLANG_ENABLE_OBJC_ARC = YES;
				CLANG_WARN_BLOCK_CAPTURE_AUTORELEASING = YES;
				CLANG_WARN_BOOL_CONVERSION = YES;
				CLANG_WARN_COMMA = YES;
				CLANG_WARN_CONSTANT_CONVERSION = YES;
				CLANG_WARN_DIRECT_OBJC_ISA_USAGE = YES_ERROR;
				CLANG_WARN_DOCUMENTATION_COMMENTS = YES;
				CLANG_WARN_EMPTY_BODY = YES;
				CLANG_WARN_ENUM_CONVERSION = YES;
				CLANG_WARN_INFINITE_RECURSION = YES;
				CLANG_WARN_INT_CONVERSION = YES;
				CLANG_WARN_NON_LITERAL_NULL_CONVERSION = YES;
				CLANG_WARN_OBJC_LITERAL_CONVERSION = YES;
				CLANG_WARN_OBJC_ROOT_CLASS = YES_ERROR;
				CLANG_WARN_RANGE_LOOP_ANALYSIS = YES;
				CLANG_WARN_STRICT_PROTOTYPES = YES;
				CLANG_WARN_SUSPICIOUS_MOVE = YES;
				CLANG_WARN_UNGUARDED_AVAILABILITY = YES_AGGRESSIVE;
				CLANG_WARN_UNREACHABLE_CODE = YES;
				CLANG_WARN__DUPLICATE_METHOD_MATCH = YES;
				CODE_SIGN_IDENTITY = "iPhone Developer";
				COPY_PHASE_STRIP = NO;
				DEBUG_INFORMATION_FORMAT = "dwarf-with-dsym";
				ENABLE_NS_ASSERTIONS = NO;
				ENABLE_STRICT_OBJC_MSGSEND = YES;
				GCC_C_LANGUAGE_STANDARD = gnu11;
				GCC_NO_COMMON_BLOCKS = YES;
				GCC_WARN_64_TO_32_BIT_CONVERSION = YES;
				GCC_WARN_ABOUT_RETURN_TYPE = YES_ERROR;
				GCC_WARN_UNDECLARED_SELECTOR = YES;
				GCC_WARN_UNINITIALIZED_AUTOS = YES_AGGRESSIVE;
				GCC_WARN_UNUSED_FUNCTION = YES;
				GCC_WARN_UNUSED_VARIABLE = YES;
				IPHONEOS_DEPLOYMENT_TARGET = 11.2;
				MTL_ENABLE_DEBUG_INFO = NO;
				SDKROOT = iphoneos;
				SWIFT_OPTIMIZATION_LEVEL = "-Owholemodule";
				VALIDATE_PRODUCT = YES;
			};
			name = Release;
		};
		66D1682C204A355E000BF1A9 /* Debug */ = {
			isa = XCBuildConfiguration;
			buildSettings = {
				ASSETCATALOG_COMPILER_APPICON_NAME = AppIcon;
				CODE_SIGN_STYLE = Automatic;
				DEVELOPMENT_TEAM = 6JB2SDQGN3;
				INFOPLIST_FILE = Count/Info.plist;
				LD_RUNPATH_SEARCH_PATHS = "$(inherited) @executable_path/Frameworks";
				PRODUCT_BUNDLE_IDENTIFIER = com.litech.Counts;
				PRODUCT_NAME = "$(TARGET_NAME)";
				SWIFT_VERSION = 4.0;
				TARGETED_DEVICE_FAMILY = 1;
			};
			name = Debug;
		};
		66D1682D204A355E000BF1A9 /* Release */ = {
			isa = XCBuildConfiguration;
			buildSettings = {
				ASSETCATALOG_COMPILER_APPICON_NAME = AppIcon;
				CODE_SIGN_STYLE = Automatic;
				DEVELOPMENT_TEAM = 6JB2SDQGN3;
				INFOPLIST_FILE = Count/Info.plist;
				LD_RUNPATH_SEARCH_PATHS = "$(inherited) @executable_path/Frameworks";
				PRODUCT_BUNDLE_IDENTIFIER = com.litech.Counts;
				PRODUCT_NAME = "$(TARGET_NAME)";
				SWIFT_VERSION = 4.0;
				TARGETED_DEVICE_FAMILY = 1;
			};
			name = Release;
		};
		66D1682F204A355E000BF1A9 /* Debug */ = {
			isa = XCBuildConfiguration;
			buildSettings = {
				ALWAYS_EMBED_SWIFT_STANDARD_LIBRARIES = YES;
				BUNDLE_LOADER = "$(TEST_HOST)";
				CODE_SIGN_STYLE = Automatic;
				INFOPLIST_FILE = CountTests/Info.plist;
				LD_RUNPATH_SEARCH_PATHS = "$(inherited) @executable_path/Frameworks @loader_path/Frameworks";
				PRODUCT_BUNDLE_IDENTIFIER = com.litech.CountTests;
				PRODUCT_NAME = "$(TARGET_NAME)";
				SWIFT_VERSION = 4.0;
				TARGETED_DEVICE_FAMILY = "1,2";
				TEST_HOST = "$(BUILT_PRODUCTS_DIR)/Count.app/Count";
			};
			name = Debug;
		};
		66D16830204A355E000BF1A9 /* Release */ = {
			isa = XCBuildConfiguration;
			buildSettings = {
				ALWAYS_EMBED_SWIFT_STANDARD_LIBRARIES = YES;
				BUNDLE_LOADER = "$(TEST_HOST)";
				CODE_SIGN_STYLE = Automatic;
				INFOPLIST_FILE = CountTests/Info.plist;
				LD_RUNPATH_SEARCH_PATHS = "$(inherited) @executable_path/Frameworks @loader_path/Frameworks";
				PRODUCT_BUNDLE_IDENTIFIER = com.litech.CountTests;
				PRODUCT_NAME = "$(TARGET_NAME)";
				SWIFT_VERSION = 4.0;
				TARGETED_DEVICE_FAMILY = "1,2";
				TEST_HOST = "$(BUILT_PRODUCTS_DIR)/Count.app/Count";
			};
			name = Release;
		};
		66D16832204A355E000BF1A9 /* Debug */ = {
			isa = XCBuildConfiguration;
			buildSettings = {
				ALWAYS_EMBED_SWIFT_STANDARD_LIBRARIES = YES;
				CODE_SIGN_STYLE = Automatic;
				INFOPLIST_FILE = CountUITests/Info.plist;
				LD_RUNPATH_SEARCH_PATHS = "$(inherited) @executable_path/Frameworks @loader_path/Frameworks";
				PRODUCT_BUNDLE_IDENTIFIER = com.litech.CountUITests;
				PRODUCT_NAME = "$(TARGET_NAME)";
				SWIFT_VERSION = 4.0;
				TARGETED_DEVICE_FAMILY = "1,2";
				TEST_TARGET_NAME = Count;
			};
			name = Debug;
		};
		66D16833204A355E000BF1A9 /* Release */ = {
			isa = XCBuildConfiguration;
			buildSettings = {
				ALWAYS_EMBED_SWIFT_STANDARD_LIBRARIES = YES;
				CODE_SIGN_STYLE = Automatic;
				INFOPLIST_FILE = CountUITests/Info.plist;
				LD_RUNPATH_SEARCH_PATHS = "$(inherited) @executable_path/Frameworks @loader_path/Frameworks";
				PRODUCT_BUNDLE_IDENTIFIER = com.litech.CountUITests;
				PRODUCT_NAME = "$(TARGET_NAME)";
				SWIFT_VERSION = 4.0;
				TARGETED_DEVICE_FAMILY = "1,2";
				TEST_TARGET_NAME = Count;
			};
			name = Release;
		};
/* End XCBuildConfiguration section */

/* Begin XCConfigurationList section */
		66D167FE204A355E000BF1A9 /* Build configuration list for PBXProject "Count" */ = {
			isa = XCConfigurationList;
			buildConfigurations = (
				66D16829204A355E000BF1A9 /* Debug */,
				66D1682A204A355E000BF1A9 /* Release */,
			);
			defaultConfigurationIsVisible = 0;
			defaultConfigurationName = Release;
		};
		66D1682B204A355E000BF1A9 /* Build configuration list for PBXNativeTarget "Count" */ = {
			isa = XCConfigurationList;
			buildConfigurations = (
				66D1682C204A355E000BF1A9 /* Debug */,
				66D1682D204A355E000BF1A9 /* Release */,
			);
			defaultConfigurationIsVisible = 0;
			defaultConfigurationName = Release;
		};
		66D1682E204A355E000BF1A9 /* Build configuration list for PBXNativeTarget "CountTests" */ = {
			isa = XCConfigurationList;
			buildConfigurations = (
				66D1682F204A355E000BF1A9 /* Debug */,
				66D16830204A355E000BF1A9 /* Release */,
			);
			defaultConfigurationIsVisible = 0;
			defaultConfigurationName = Release;
		};
		66D16831204A355E000BF1A9 /* Build configuration list for PBXNativeTarget "CountUITests" */ = {
			isa = XCConfigurationList;
			buildConfigurations = (
				66D16832204A355E000BF1A9 /* Debug */,
				66D16833204A355E000BF1A9 /* Release */,
			);
			defaultConfigurationIsVisible = 0;
			defaultConfigurationName = Release;
		};
/* End XCConfigurationList section */
	};
	rootObject = 66D167FB204A355E000BF1A9 /* Project object */;
}
